// !$*UTF8*$!
{
	archiveVersion = 1;
	classes = {
	};
	objectVersion = 60;
	objects = {

/* Begin PBXBuildFile section */
		503BA8A32C1E17D7000535D6 /* Date+Today.swift in Sources */ = {isa = PBXBuildFile; fileRef = 503BA8A22C1E17D7000535D6 /* Date+Today.swift */; };
		505E1BF12C1EB5C700828FF7 /* ReminderListViewController+Actions.swift in Sources */ = {isa = PBXBuildFile; fileRef = 505E1BF02C1EB5C700828FF7 /* ReminderListViewController+Actions.swift */; };
		505E1BF22C1EB5C700828FF7 /* ReminderDoneButton.swift in Sources */ = {isa = PBXBuildFile; fileRef = 505E1BEF2C1EB5C700828FF7 /* ReminderDoneButton.swift */; };
		505E1BF52C1EB5E700828FF7 /* ReminderListViewController.swift in Sources */ = {isa = PBXBuildFile; fileRef = 505E1BF32C1EB5E700828FF7 /* ReminderListViewController.swift */; };
		505E1BF62C1EB5E700828FF7 /* ReminderListViewController+DataSource.swift in Sources */ = {isa = PBXBuildFile; fileRef = 505E1BF42C1EB5E700828FF7 /* ReminderListViewController+DataSource.swift */; };
		505E1BF82C1EB63F00828FF7 /* Assets.xcassets in Resources */ = {isa = PBXBuildFile; fileRef = 505E1BF72C1EB63F00828FF7 /* Assets.xcassets */; };
		50B0B3AE2C18B5510067E038 /* AppDelegate.swift in Sources */ = {isa = PBXBuildFile; fileRef = 50B0B3AD2C18B5510067E038 /* AppDelegate.swift */; };
		50B0B3B02C18B5510067E038 /* SceneDelegate.swift in Sources */ = {isa = PBXBuildFile; fileRef = 50B0B3AF2C18B5510067E038 /* SceneDelegate.swift */; };
		50B0B3B52C18B5510067E038 /* Base in Resources */ = {isa = PBXBuildFile; fileRef = 50B0B3B42C18B5510067E038 /* Base */; };
		50B0B3BA2C18B5530067E038 /* Base in Resources */ = {isa = PBXBuildFile; fileRef = 50B0B3B92C18B5530067E038 /* Base */; };
		50B0B3C32C18C0150067E038 /* reminder.swift in Sources */ = {isa = PBXBuildFile; fileRef = 50B0B3C22C18C0120067E038 /* reminder.swift */; };
/* End PBXBuildFile section */

/* Begin PBXFileReference section */
		503BA8A22C1E17D7000535D6 /* Date+Today.swift */ = {isa = PBXFileReference; lastKnownFileType = sourcecode.swift; path = "Date+Today.swift"; sourceTree = "<group>"; };
		505E1BEF2C1EB5C700828FF7 /* ReminderDoneButton.swift */ = {isa = PBXFileReference; lastKnownFileType = sourcecode.swift; path = ReminderDoneButton.swift; sourceTree = "<group>"; };
		505E1BF02C1EB5C700828FF7 /* ReminderListViewController+Actions.swift */ = {isa = PBXFileReference; lastKnownFileType = sourcecode.swift; path = "ReminderListViewController+Actions.swift"; sourceTree = "<group>"; };
		505E1BF32C1EB5E700828FF7 /* ReminderListViewController.swift */ = {isa = PBXFileReference; lastKnownFileType = sourcecode.swift; path = ReminderListViewController.swift; sourceTree = "<group>"; };
		505E1BF42C1EB5E700828FF7 /* ReminderListViewController+DataSource.swift */ = {isa = PBXFileReference; lastKnownFileType = sourcecode.swift; path = "ReminderListViewController+DataSource.swift"; sourceTree = "<group>"; };
		505E1BF72C1EB63F00828FF7 /* Assets.xcassets */ = {isa = PBXFileReference; lastKnownFileType = folder.assetcatalog; name = Assets.xcassets; path = Today/Assets.xcassets; sourceTree = SOURCE_ROOT; };
		50B0B3AA2C18B5510067E038 /* Today.app */ = {isa = PBXFileReference; explicitFileType = wrapper.application; includeInIndex = 0; path = Today.app; sourceTree = BUILT_PRODUCTS_DIR; };
		50B0B3AD2C18B5510067E038 /* AppDelegate.swift */ = {isa = PBXFileReference; lastKnownFileType = sourcecode.swift; path = AppDelegate.swift; sourceTree = "<group>"; };
		50B0B3AF2C18B5510067E038 /* SceneDelegate.swift */ = {isa = PBXFileReference; lastKnownFileType = sourcecode.swift; path = SceneDelegate.swift; sourceTree = "<group>"; };
		50B0B3B42C18B5510067E038 /* Base */ = {isa = PBXFileReference; lastKnownFileType = file.storyboard; name = Base; path = Base.lproj/Main.storyboard; sourceTree = "<group>"; };
		50B0B3B92C18B5530067E038 /* Base */ = {isa = PBXFileReference; lastKnownFileType = file.storyboard; name = Base; path = Base.lproj/LaunchScreen.storyboard; sourceTree = "<group>"; };
		50B0B3BB2C18B5530067E038 /* Info.plist */ = {isa = PBXFileReference; lastKnownFileType = text.plist.xml; path = Info.plist; sourceTree = "<group>"; };
		50B0B3C22C18C0120067E038 /* reminder.swift */ = {isa = PBXFileReference; lastKnownFileType = sourcecode.swift; path = reminder.swift; sourceTree = "<group>"; };
/* End PBXFileReference section */

/* Begin PBXFrameworksBuildPhase section */
		50B0B3A72C18B5510067E038 /* Frameworks */ = {
			isa = PBXFrameworksBuildPhase;
			buildActionMask = 2147483647;
			files = (
			);
			runOnlyForDeploymentPostprocessing = 0;
		};
/* End PBXFrameworksBuildPhase section */

/* Begin PBXGroup section */
		503BA89F2C1E1681000535D6 /* ListViewController */ = {
			isa = PBXGroup;
			children = (
				505E1BEF2C1EB5C700828FF7 /* ReminderDoneButton.swift */,
				505E1BF02C1EB5C700828FF7 /* ReminderListViewController+Actions.swift */,
				505E1BF32C1EB5E700828FF7 /* ReminderListViewController.swift */,
				505E1BF42C1EB5E700828FF7 /* ReminderListViewController+DataSource.swift */,
			);
			path = ListViewController;
			sourceTree = "<group>";
		};
		50B0B3A12C18B5510067E038 = {
			isa = PBXGroup;
			children = (
				50B0B3AC2C18B5510067E038 /* Today */,
				50B0B3AB2C18B5510067E038 /* Products */,
			);
			sourceTree = "<group>";
		};
		50B0B3AB2C18B5510067E038 /* Products */ = {
			isa = PBXGroup;
			children = (
				50B0B3AA2C18B5510067E038 /* Today.app */,
			);
			name = Products;
			sourceTree = "<group>";
		};
		50B0B3AC2C18B5510067E038 /* Today */ = {
			isa = PBXGroup;
			children = (
				50B0B3AD2C18B5510067E038 /* AppDelegate.swift */,
				50B0B3AF2C18B5510067E038 /* SceneDelegate.swift */,
				503BA89F2C1E1681000535D6 /* ListViewController */,
				50B0B3C12C18BFF80067E038 /* Models */,
				50B0B3B32C18B5510067E038 /* Main.storyboard */,
				505E1BF72C1EB63F00828FF7 /* Assets.xcassets */,
				50B0B3B82C18B5530067E038 /* LaunchScreen.storyboard */,
				50B0B3BB2C18B5530067E038 /* Info.plist */,
			);
			path = Today;
			sourceTree = "<group>";
		};
		50B0B3C12C18BFF80067E038 /* Models */ = {
			isa = PBXGroup;
			children = (
				50B0B3C22C18C0120067E038 /* reminder.swift */,
				503BA8A22C1E17D7000535D6 /* Date+Today.swift */,
			);
			path = Models;
			sourceTree = "<group>";
		};
/* End PBXGroup section */

/* Begin PBXNativeTarget section */
		50B0B3A92C18B5510067E038 /* Today */ = {
			isa = PBXNativeTarget;
			buildConfigurationList = 50B0B3BE2C18B5530067E038 /* Build configuration list for PBXNativeTarget "Today" */;
			buildPhases = (
				50B0B3A62C18B5510067E038 /* Sources */,
				50B0B3A72C18B5510067E038 /* Frameworks */,
				50B0B3A82C18B5510067E038 /* Resources */,
			);
			buildRules = (
			);
			dependencies = (
			);
			name = Today;
			productName = Today;
			productReference = 50B0B3AA2C18B5510067E038 /* Today.app */;
			productType = "com.apple.product-type.application";
		};
/* End PBXNativeTarget section */

/* Begin PBXProject section */
		50B0B3A22C18B5510067E038 /* Project object */ = {
			isa = PBXProject;
			attributes = {
				BuildIndependentTargetsInParallel = 1;
				LastSwiftUpdateCheck = 1600;
				LastUpgradeCheck = 1600;
				TargetAttributes = {
					50B0B3A92C18B5510067E038 = {
						CreatedOnToolsVersion = 16.0;
					};
				};
			};
			buildConfigurationList = 50B0B3A52C18B5510067E038 /* Build configuration list for PBXProject "Today" */;
			compatibilityVersion = "Xcode 15.0";
			developmentRegion = en;
			hasScannedForEncodings = 0;
			knownRegions = (
				en,
				Base,
			);
			mainGroup = 50B0B3A12C18B5510067E038;
			productRefGroup = 50B0B3AB2C18B5510067E038 /* Products */;
			projectDirPath = "";
			projectRoot = "";
			targets = (
				50B0B3A92C18B5510067E038 /* Today */,
			);
		};
/* End PBXProject section */

/* Begin PBXResourcesBuildPhase section */
		50B0B3A82C18B5510067E038 /* Resources */ = {
			isa = PBXResourcesBuildPhase;
			buildActionMask = 2147483647;
			files = (
				50B0B3BA2C18B5530067E038 /* Base in Resources */,
				505E1BF82C1EB63F00828FF7 /* Assets.xcassets in Resources */,
				50B0B3B52C18B5510067E038 /* Base in Resources */,
			);
			runOnlyForDeploymentPostprocessing = 0;
		};
/* End PBXResourcesBuildPhase section */

/* Begin PBXSourcesBuildPhase section */
		50B0B3A62C18B5510067E038 /* Sources */ = {
			isa = PBXSourcesBuildPhase;
			buildActionMask = 2147483647;
			files = (
				505E1BF52C1EB5E700828FF7 /* ReminderListViewController.swift in Sources */,
				505E1BF62C1EB5E700828FF7 /* ReminderListViewController+DataSource.swift in Sources */,
				50B0B3AE2C18B5510067E038 /* AppDelegate.swift in Sources */,
				503BA8A32C1E17D7000535D6 /* Date+Today.swift in Sources */,
				50B0B3B02C18B5510067E038 /* SceneDelegate.swift in Sources */,
				50B0B3C32C18C0150067E038 /* reminder.swift in Sources */,
				505E1BF12C1EB5C700828FF7 /* ReminderListViewController+Actions.swift in Sources */,
				505E1BF22C1EB5C700828FF7 /* ReminderDoneButton.swift in Sources */,
			);
			runOnlyForDeploymentPostprocessing = 0;
		};
/* End PBXSourcesBuildPhase section */

/* Begin PBXVariantGroup section */
		50B0B3B32C18B5510067E038 /* Main.storyboard */ = {
			isa = PBXVariantGroup;
			children = (
				50B0B3B42C18B5510067E038 /* Base */,
			);
			name = Main.storyboard;
			sourceTree = "<group>";
		};
		50B0B3B82C18B5530067E038 /* LaunchScreen.storyboard */ = {
			isa = PBXVariantGroup;
			children = (
				50B0B3B92C18B5530067E038 /* Base */,
			);
			name = LaunchScreen.storyboard;
			sourceTree = "<group>";
		};
/* End PBXVariantGroup section */

/* Begin XCBuildConfiguration section */
		50B0B3BC2C18B5530067E038 /* Debug */ = {
			isa = XCBuildConfiguration;
			buildSettings = {
				ALWAYS_SEARCH_USER_PATHS = NO;
				ASSETCATALOG_COMPILER_GENERATE_SWIFT_ASSET_SYMBOL_EXTENSIONS = YES;
				CLANG_ANALYZER_NONNULL = YES;
				CLANG_ANALYZER_NUMBER_OBJECT_CONVERSION = YES_AGGRESSIVE;
				CLANG_CXX_LANGUAGE_STANDARD = "gnu++20";
				CLANG_ENABLE_MODULES = YES;
				CLANG_ENABLE_OBJC_ARC = YES;
				CLANG_ENABLE_OBJC_WEAK = YES;
				CLANG_WARN_BLOCK_CAPTURE_AUTORELEASING = YES;
				CLANG_WARN_BOOL_CONVERSION = YES;
				CLANG_WARN_COMMA = YES;
				CLANG_WARN_CONSTANT_CONVERSION = YES;
				CLANG_WARN_DEPRECATED_OBJC_IMPLEMENTATIONS = YES;
				CLANG_WARN_DIRECT_OBJC_ISA_USAGE = YES_ERROR;
				CLANG_WARN_DOCUMENTATION_COMMENTS = YES;
				CLANG_WARN_EMPTY_BODY = YES;
				CLANG_WARN_ENUM_CONVERSION = YES;
				CLANG_WARN_INFINITE_RECURSION = YES;
				CLANG_WARN_INT_CONVERSION = YES;
				CLANG_WARN_NON_LITERAL_NULL_CONVERSION = YES;
				CLANG_WARN_OBJC_IMPLICIT_RETAIN_SELF = YES;
				CLANG_WARN_OBJC_LITERAL_CONVERSION = YES;
				CLANG_WARN_OBJC_ROOT_CLASS = YES_ERROR;
				CLANG_WARN_QUOTED_INCLUDE_IN_FRAMEWORK_HEADER = YES;
				CLANG_WARN_RANGE_LOOP_ANALYSIS = YES;
				CLANG_WARN_STRICT_PROTOTYPES = YES;
				CLANG_WARN_SUSPICIOUS_MOVE = YES;
				CLANG_WARN_UNGUARDED_AVAILABILITY = YES_AGGRESSIVE;
				CLANG_WARN_UNREACHABLE_CODE = YES;
				CLANG_WARN__DUPLICATE_METHOD_MATCH = YES;
				COPY_PHASE_STRIP = NO;
				DEBUG_INFORMATION_FORMAT = dwarf;
				ENABLE_STRICT_OBJC_MSGSEND = YES;
				ENABLE_TESTABILITY = YES;
				ENABLE_USER_SCRIPT_SANDBOXING = YES;
				GCC_C_LANGUAGE_STANDARD = gnu17;
				GCC_DYNAMIC_NO_PIC = NO;
				GCC_NO_COMMON_BLOCKS = YES;
				GCC_OPTIMIZATION_LEVEL = 0;
				GCC_PREPROCESSOR_DEFINITIONS = (
					"DEBUG=1",
					"$(inherited)",
				);
				GCC_WARN_64_TO_32_BIT_CONVERSION = YES;
				GCC_WARN_ABOUT_RETURN_TYPE = YES_ERROR;
				GCC_WARN_UNDECLARED_SELECTOR = YES;
				GCC_WARN_UNINITIALIZED_AUTOS = YES_AGGRESSIVE;
				GCC_WARN_UNUSED_FUNCTION = YES;
				GCC_WARN_UNUSED_VARIABLE = YES;
				IPHONEOS_DEPLOYMENT_TARGET = 18.0;
				LOCALIZATION_PREFERS_STRING_CATALOGS = YES;
				MTL_ENABLE_DEBUG_INFO = INCLUDE_SOURCE;
				MTL_FAST_MATH = YES;
				ONLY_ACTIVE_ARCH = YES;
				SDKROOT = iphoneos;
				SWIFT_ACTIVE_COMPILATION_CONDITIONS = "DEBUG $(inherited)";
				SWIFT_OPTIMIZATION_LEVEL = "-Onone";
			};
			name = Debug;
		};
		50B0B3BD2C18B5530067E038 /* Release */ = {
			isa = XCBuildConfiguration;
			buildSettings = {
				ALWAYS_SEARCH_USER_PATHS = NO;
				ASSETCATALOG_COMPILER_GENERATE_SWIFT_ASSET_SYMBOL_EXTENSIONS = YES;
				CLANG_ANALYZER_NONNULL = YES;
				CLANG_ANALYZER_NUMBER_OBJECT_CONVERSION = YES_AGGRESSIVE;
				CLANG_CXX_LANGUAGE_STANDARD = "gnu++20";
				CLANG_ENABLE_MODULES = YES;
				CLANG_ENABLE_OBJC_ARC = YES;
				CLANG_ENABLE_OBJC_WEAK = YES;
				CLANG_WARN_BLOCK_CAPTURE_AUTORELEASING = YES;
				CLANG_WARN_BOOL_CONVERSION = YES;
				CLANG_WARN_COMMA = YES;
				CLANG_WARN_CONSTANT_CONVERSION = YES;
				CLANG_WARN_DEPRECATED_OBJC_IMPLEMENTATIONS = YES;
				CLANG_WARN_DIRECT_OBJC_ISA_USAGE = YES_ERROR;
				CLANG_WARN_DOCUMENTATION_COMMENTS = YES;
				CLANG_WARN_EMPTY_BODY = YES;
				CLANG_WARN_ENUM_CONVERSION = YES;
				CLANG_WARN_INFINITE_RECURSION = YES;
				CLANG_WARN_INT_CONVERSION = YES;
				CLANG_WARN_NON_LITERAL_NULL_CONVERSION = YES;
				CLANG_WARN_OBJC_IMPLICIT_RETAIN_SELF = YES;
				CLANG_WARN_OBJC_LITERAL_CONVERSION = YES;
				CLANG_WARN_OBJC_ROOT_CLASS = YES_ERROR;
				CLANG_WARN_QUOTED_INCLUDE_IN_FRAMEWORK_HEADER = YES;
				CLANG_WARN_RANGE_LOOP_ANALYSIS = YES;
				CLANG_WARN_STRICT_PROTOTYPES = YES;
				CLANG_WARN_SUSPICIOUS_MOVE = YES;
				CLANG_WARN_UNGUARDED_AVAILABILITY = YES_AGGRESSIVE;
				CLANG_WARN_UNREACHABLE_CODE = YES;
				CLANG_WARN__DUPLICATE_METHOD_MATCH = YES;
				COPY_PHASE_STRIP = NO;
				DEBUG_INFORMATION_FORMAT = "dwarf-with-dsym";
				ENABLE_NS_ASSERTIONS = NO;
				ENABLE_STRICT_OBJC_MSGSEND = YES;
				ENABLE_USER_SCRIPT_SANDBOXING = YES;
				GCC_C_LANGUAGE_STANDARD = gnu17;
				GCC_NO_COMMON_BLOCKS = YES;
				GCC_WARN_64_TO_32_BIT_CONVERSION = YES;
				GCC_WARN_ABOUT_RETURN_TYPE = YES_ERROR;
				GCC_WARN_UNDECLARED_SELECTOR = YES;
				GCC_WARN_UNINITIALIZED_AUTOS = YES_AGGRESSIVE;
				GCC_WARN_UNUSED_FUNCTION = YES;
				GCC_WARN_UNUSED_VARIABLE = YES;
				IPHONEOS_DEPLOYMENT_TARGET = 18.0;
				LOCALIZATION_PREFERS_STRING_CATALOGS = YES;
				MTL_ENABLE_DEBUG_INFO = NO;
				MTL_FAST_MATH = YES;
				SDKROOT = iphoneos;
				SWIFT_COMPILATION_MODE = wholemodule;
				VALIDATE_PRODUCT = YES;
			};
			name = Release;
		};
		50B0B3BF2C18B5530067E038 /* Debug */ = {
			isa = XCBuildConfiguration;
			buildSettings = {
				ASSETCATALOG_COMPILER_APPICON_NAME = AppIcon;
				ASSETCATALOG_COMPILER_GLOBAL_ACCENT_COLOR_NAME = AccentColor;
				CODE_SIGN_STYLE = Automatic;
				CURRENT_PROJECT_VERSION = 1;
				DEVELOPMENT_TEAM = HTNYZ57Q3G;
				GENERATE_INFOPLIST_FILE = YES;
				INFOPLIST_FILE = Today/Info.plist;
				INFOPLIST_KEY_UIApplicationSupportsIndirectInputEvents = YES;
				INFOPLIST_KEY_UILaunchStoryboardName = LaunchScreen;
				INFOPLIST_KEY_UIMainStoryboardFile = Main;
				INFOPLIST_KEY_UISupportedInterfaceOrientations_iPad = "UIInterfaceOrientationPortrait UIInterfaceOrientationPortraitUpsideDown UIInterfaceOrientationLandscapeLeft UIInterfaceOrientationLandscapeRight";
				INFOPLIST_KEY_UISupportedInterfaceOrientations_iPhone = "UIInterfaceOrientationPortrait UIInterfaceOrientationLandscapeLeft UIInterfaceOrientationLandscapeRight";
				LD_RUNPATH_SEARCH_PATHS = (
					"$(inherited)",
					"@executable_path/Frameworks",
				);
				MARKETING_VERSION = 1.0;
				PRODUCT_BUNDLE_IDENTIFIER = com.anurag.tyagi.Today;
				PRODUCT_NAME = "$(TARGET_NAME)";
				SWIFT_EMIT_LOC_STRINGS = YES;
				SWIFT_VERSION = 5.0;
				TARGETED_DEVICE_FAMILY = "1,2";
			};
			name = Debug;
		};
		50B0B3C02C18B5530067E038 /* Release */ = {
			isa = XCBuildConfiguration;
			buildSettings = {
				ASSETCATALOG_COMPILER_APPICON_NAME = AppIcon;
				ASSETCATALOG_COMPILER_GLOBAL_ACCENT_COLOR_NAME = AccentColor;
				CODE_SIGN_STYLE = Automatic;
				CURRENT_PROJECT_VERSION = 1;
				DEVELOPMENT_TEAM = HTNYZ57Q3G;
				GENERATE_INFOPLIST_FILE = YES;
				INFOPLIST_FILE = Today/Info.plist;
				INFOPLIST_KEY_UIApplicationSupportsIndirectInputEvents = YES;
				INFOPLIST_KEY_UILaunchStoryboardName = LaunchScreen;
				INFOPLIST_KEY_UIMainStoryboardFile = Main;
				INFOPLIST_KEY_UISupportedInterfaceOrientations_iPad = "UIInterfaceOrientationPortrait UIInterfaceOrientationPortraitUpsideDown UIInterfaceOrientationLandscapeLeft UIInterfaceOrientationLandscapeRight";
				INFOPLIST_KEY_UISupportedInterfaceOrientations_iPhone = "UIInterfaceOrientationPortrait UIInterfaceOrientationLandscapeLeft UIInterfaceOrientationLandscapeRight";
				LD_RUNPATH_SEARCH_PATHS = (
					"$(inherited)",
					"@executable_path/Frameworks",
				);
				MARKETING_VERSION = 1.0;
				PRODUCT_BUNDLE_IDENTIFIER = com.anurag.tyagi.Today;
				PRODUCT_NAME = "$(TARGET_NAME)";
				SWIFT_EMIT_LOC_STRINGS = YES;
				SWIFT_VERSION = 5.0;
				TARGETED_DEVICE_FAMILY = "1,2";
			};
			name = Release;
		};
/* End XCBuildConfiguration section */

/* Begin XCConfigurationList section */
		50B0B3A52C18B5510067E038 /* Build configuration list for PBXProject "Today" */ = {
			isa = XCConfigurationList;
			buildConfigurations = (
				50B0B3BC2C18B5530067E038 /* Debug */,
				50B0B3BD2C18B5530067E038 /* Release */,
			);
			defaultConfigurationIsVisible = 0;
			defaultConfigurationName = Release;
		};
		50B0B3BE2C18B5530067E038 /* Build configuration list for PBXNativeTarget "Today" */ = {
			isa = XCConfigurationList;
			buildConfigurations = (
				50B0B3BF2C18B5530067E038 /* Debug */,
				50B0B3C02C18B5530067E038 /* Release */,
			);
			defaultConfigurationIsVisible = 0;
			defaultConfigurationName = Release;
		};
/* End XCConfigurationList section */
	};
	rootObject = 50B0B3A22C18B5510067E038 /* Project object */;
}
